
Microsoft Visual Studio Solution File, Format Version 12.00
# Visual Studio Version 16
VisualStudioVersion = 16.0.30804.86
MinimumVisualStudioVersion = 10.0.40219.1
Project("{8BC9CEB8-8B4A-11D0-8D11-00A0C91BC942}") = "ScreenTimer", "ScreenTimer.vcxproj", "{E9F5752C-CC64-40CA-A44A-8098A288E0DC}"
EndProject
Global
	GlobalSection(SolutionConfigurationPlatforms) = preSolution
		Debug|x64 = Debug|x64
		Release|x64 = Release|x64
	EndGlobalSection
	GlobalSection(ProjectConfigurationPlatforms) = postSolution
		{E9F5752C-CC64-40CA-A44A-8098A288E0DC}.Debug|x64.ActiveCfg = Debug|x64
		{E9F5752C-CC64-40CA-A44A-8098A288E0DC}.Debug|x64.Build.0 = Debug|x64
		{E9F5752C-CC64-40CA-A44A-8098A288E0DC}.Release|x64.ActiveCfg = Release|x64
		{E9F5752C-CC64-40CA-A44A-8098A288E0DC}.Release|x64.Build.0 = Release|x64
	EndGlobalSection
	GlobalSection(SolutionProperties) = preSolution
		HideSolutionNode = FALSE
	EndGlobalSection
	GlobalSection(ExtensibilityGlobals) = postSolution
		SolutionGuid = {6E631C30-A1E5-4BD2-AFB0-2684832D0714}
	EndGlobalSection
EndGlobal
